// !$*UTF8*$!
{
	archiveVersion = 1;
	classes = {
	};
	objectVersion = 51;
	objects = {

/* Begin PBXBuildFile section */
		640ABDF524405A710048A44B /* AddressDataModel.m in Sources */ = {isa = PBXBuildFile; fileRef = 640ABDF424405A710048A44B /* AddressDataModel.m */; };
		640AE8ED2440164C00349FBC /* AppDelegate.m in Sources */ = {isa = PBXBuildFile; fileRef = 640AE8EC2440164C00349FBC /* AppDelegate.m */; };
		640AE8F32440164C00349FBC /* Main.storyboard in Resources */ = {isa = PBXBuildFile; fileRef = 640AE8F12440164C00349FBC /* Main.storyboard */; };
		640AE8F52440164D00349FBC /* Assets.xcassets in Resources */ = {isa = PBXBuildFile; fileRef = 640AE8F42440164D00349FBC /* Assets.xcassets */; };
		640AE8F82440164D00349FBC /* LaunchScreen.storyboard in Resources */ = {isa = PBXBuildFile; fileRef = 640AE8F62440164D00349FBC /* LaunchScreen.storyboard */; };
		640AE8FB2440164D00349FBC /* main.m in Sources */ = {isa = PBXBuildFile; fileRef = 640AE8FA2440164D00349FBC /* main.m */; };
		640AE9052440184D00349FBC /* ChatRecordViewController.m in Sources */ = {isa = PBXBuildFile; fileRef = 640AE9042440184D00349FBC /* ChatRecordViewController.m */; };
		640AE9082440187200349FBC /* AddressViewController.m in Sources */ = {isa = PBXBuildFile; fileRef = 640AE9072440187200349FBC /* AddressViewController.m */; };
		640AE90E24401FCC00349FBC /* MainTabBarViewController.m in Sources */ = {isa = PBXBuildFile; fileRef = 640AE90D24401FCC00349FBC /* MainTabBarViewController.m */; };
		640AE9152440265E00349FBC /* SuperAddressCell.m in Sources */ = {isa = PBXBuildFile; fileRef = 640AE9142440265E00349FBC /* SuperAddressCell.m */; };
		64321A5C24458A6D00AAED56 /* AddressSegmentView.m in Sources */ = {isa = PBXBuildFile; fileRef = 64321A5B24458A6D00AAED56 /* AddressSegmentView.m */; };
		646D2C822446ED49001457C9 /* ChatRoomViewController.m in Sources */ = {isa = PBXBuildFile; fileRef = 646D2C812446ED49001457C9 /* ChatRoomViewController.m */; };
		646D2C862446F608001457C9 /* ChatRoomModel.m in Sources */ = {isa = PBXBuildFile; fileRef = 646D2C852446F608001457C9 /* ChatRoomModel.m */; };
		64704655244E8F930053DB76 /* FMDBOperation.m in Sources */ = {isa = PBXBuildFile; fileRef = 64704654244E8F930053DB76 /* FMDBOperation.m */; };
		64707B5424459EEB0000CF5E /* AddressSideView.m in Sources */ = {isa = PBXBuildFile; fileRef = 64707B5324459EEB0000CF5E /* AddressSideView.m */; };
		64707B572445A4350000CF5E /* AddressTableViewCell.m in Sources */ = {isa = PBXBuildFile; fileRef = 64707B562445A4350000CF5E /* AddressTableViewCell.m */; };
		6471BB2724498B480068231A /* KeyboardView.m in Sources */ = {isa = PBXBuildFile; fileRef = 6471BB2624498B480068231A /* KeyboardView.m */; };
		6471BB2B244996920068231A /* CustomTextView.m in Sources */ = {isa = PBXBuildFile; fileRef = 6471BB2A244996920068231A /* CustomTextView.m */; };
		6471BB2E2449A3DE0068231A /* CommonMethods.m in Sources */ = {isa = PBXBuildFile; fileRef = 6471BB2D2449A3DE0068231A /* CommonMethods.m */; };
		647287522456771A00BEB7BA /* DetailInformationViewController.m in Sources */ = {isa = PBXBuildFile; fileRef = 647287512456771A00BEB7BA /* DetailInformationViewController.m */; };
		64734074245122CE00540AD0 /* ChatRoomMenuView.m in Sources */ = {isa = PBXBuildFile; fileRef = 64734073245122CE00540AD0 /* ChatRoomMenuView.m */; };
		64734077245133B900540AD0 /* CollectionViewFlowLayout.m in Sources */ = {isa = PBXBuildFile; fileRef = 64734076245133B900540AD0 /* CollectionViewFlowLayout.m */; };
		6473407A2451409F00540AD0 /* CollectionViewCell.m in Sources */ = {isa = PBXBuildFile; fileRef = 647340792451409F00540AD0 /* CollectionViewCell.m */; };
		647583562452731E00C4A730 /* ChatRecordCell.m in Sources */ = {isa = PBXBuildFile; fileRef = 647583552452731E00C4A730 /* ChatRecordCell.m */; };
		6475835A2452760200C4A730 /* ChatRecordModel.m in Sources */ = {isa = PBXBuildFile; fileRef = 647583592452760200C4A730 /* ChatRecordModel.m */; };
		6476206524480EFD008AC38D /* SuperChatRoomCell.m in Sources */ = {isa = PBXBuildFile; fileRef = 6476206424480EFD008AC38D /* SuperChatRoomCell.m */; };
		6476206824480F35008AC38D /* ChatRoomTextCell.m in Sources */ = {isa = PBXBuildFile; fileRef = 6476206724480F35008AC38D /* ChatRoomTextCell.m */; };
		6476206B24484824008AC38D /* CommonComponentMethods.m in Sources */ = {isa = PBXBuildFile; fileRef = 6476206A24484824008AC38D /* CommonComponentMethods.m */; };
		FF9FB1605571FC0F447A9EA2 /* Pods_IMDemo.framework in Frameworks */ = {isa = PBXBuildFile; fileRef = 847563ECE830064246109974 /* Pods_IMDemo.framework */; };
/* End PBXBuildFile section */

/* Begin PBXFileReference section */
		640ABDF324405A710048A44B /* AddressDataModel.h */ = {isa = PBXFileReference; lastKnownFileType = sourcecode.c.h; path = AddressDataModel.h; sourceTree = "<group>"; };
		640ABDF424405A710048A44B /* AddressDataModel.m */ = {isa = PBXFileReference; lastKnownFileType = sourcecode.c.objc; path = AddressDataModel.m; sourceTree = "<group>"; };
		640AE8E82440164C00349FBC /* IMDemo.app */ = {isa = PBXFileReference; explicitFileType = wrapper.application; includeInIndex = 0; path = IMDemo.app; sourceTree = BUILT_PRODUCTS_DIR; };
		640AE8EB2440164C00349FBC /* AppDelegate.h */ = {isa = PBXFileReference; lastKnownFileType = sourcecode.c.h; path = AppDelegate.h; sourceTree = "<group>"; };
		640AE8EC2440164C00349FBC /* AppDelegate.m */ = {isa = PBXFileReference; lastKnownFileType = sourcecode.c.objc; path = AppDelegate.m; sourceTree = "<group>"; };
		640AE8F22440164C00349FBC /* Base */ = {isa = PBXFileReference; lastKnownFileType = file.storyboard; name = Base; path = Base.lproj/Main.storyboard; sourceTree = "<group>"; };
		640AE8F42440164D00349FBC /* Assets.xcassets */ = {isa = PBXFileReference; lastKnownFileType = folder.assetcatalog; path = Assets.xcassets; sourceTree = "<group>"; };
		640AE8F72440164D00349FBC /* Base */ = {isa = PBXFileReference; lastKnownFileType = file.storyboard; name = Base; path = Base.lproj/LaunchScreen.storyboard; sourceTree = "<group>"; };
		640AE8F92440164D00349FBC /* Info.plist */ = {isa = PBXFileReference; lastKnownFileType = text.plist.xml; path = Info.plist; sourceTree = "<group>"; };
		640AE8FA2440164D00349FBC /* main.m */ = {isa = PBXFileReference; lastKnownFileType = sourcecode.c.objc; path = main.m; sourceTree = "<group>"; };
		640AE9032440184D00349FBC /* ChatRecordViewController.h */ = {isa = PBXFileReference; lastKnownFileType = sourcecode.c.h; path = ChatRecordViewController.h; sourceTree = "<group>"; };
		640AE9042440184D00349FBC /* ChatRecordViewController.m */ = {isa = PBXFileReference; lastKnownFileType = sourcecode.c.objc; path = ChatRecordViewController.m; sourceTree = "<group>"; };
		640AE9062440187200349FBC /* AddressViewController.h */ = {isa = PBXFileReference; lastKnownFileType = sourcecode.c.h; path = AddressViewController.h; sourceTree = "<group>"; };
		640AE9072440187200349FBC /* AddressViewController.m */ = {isa = PBXFileReference; lastKnownFileType = sourcecode.c.objc; path = AddressViewController.m; sourceTree = "<group>"; };
		640AE90C24401FCC00349FBC /* MainTabBarViewController.h */ = {isa = PBXFileReference; lastKnownFileType = sourcecode.c.h; path = MainTabBarViewController.h; sourceTree = "<group>"; };
		640AE90D24401FCC00349FBC /* MainTabBarViewController.m */ = {isa = PBXFileReference; lastKnownFileType = sourcecode.c.objc; path = MainTabBarViewController.m; sourceTree = "<group>"; };
		640AE9132440265E00349FBC /* SuperAddressCell.h */ = {isa = PBXFileReference; lastKnownFileType = sourcecode.c.h; path = SuperAddressCell.h; sourceTree = "<group>"; };
		640AE9142440265E00349FBC /* SuperAddressCell.m */ = {isa = PBXFileReference; lastKnownFileType = sourcecode.c.objc; path = SuperAddressCell.m; sourceTree = "<group>"; };
		64321A5A24458A6D00AAED56 /* AddressSegmentView.h */ = {isa = PBXFileReference; lastKnownFileType = sourcecode.c.h; path = AddressSegmentView.h; sourceTree = "<group>"; };
		64321A5B24458A6D00AAED56 /* AddressSegmentView.m */ = {isa = PBXFileReference; lastKnownFileType = sourcecode.c.objc; path = AddressSegmentView.m; sourceTree = "<group>"; };
		64379C2B24503E19004ACF9C /* ChatRoomDelegate.h */ = {isa = PBXFileReference; lastKnownFileType = sourcecode.c.h; path = ChatRoomDelegate.h; sourceTree = "<group>"; };
		646D2C802446ED49001457C9 /* ChatRoomViewController.h */ = {isa = PBXFileReference; lastKnownFileType = sourcecode.c.h; path = ChatRoomViewController.h; sourceTree = "<group>"; };
		646D2C812446ED49001457C9 /* ChatRoomViewController.m */ = {isa = PBXFileReference; lastKnownFileType = sourcecode.c.objc; path = ChatRoomViewController.m; sourceTree = "<group>"; };
		646D2C842446F608001457C9 /* ChatRoomModel.h */ = {isa = PBXFileReference; lastKnownFileType = sourcecode.c.h; path = ChatRoomModel.h; sourceTree = "<group>"; };
		646D2C852446F608001457C9 /* ChatRoomModel.m */ = {isa = PBXFileReference; lastKnownFileType = sourcecode.c.objc; path = ChatRoomModel.m; sourceTree = "<group>"; };
		646D2CAF24470248001457C9 /* IMDemoPrefix.pch */ = {isa = PBXFileReference; lastKnownFileType = sourcecode.c.h; path = IMDemoPrefix.pch; sourceTree = "<group>"; };
		646D2CB1244702A6001457C9 /* constant.h */ = {isa = PBXFileReference; lastKnownFileType = sourcecode.c.h; path = constant.h; sourceTree = "<group>"; };
		64704653244E8F930053DB76 /* FMDBOperation.h */ = {isa = PBXFileReference; lastKnownFileType = sourcecode.c.h; path = FMDBOperation.h; sourceTree = "<group>"; };
		64704654244E8F930053DB76 /* FMDBOperation.m */ = {isa = PBXFileReference; lastKnownFileType = sourcecode.c.objc; path = FMDBOperation.m; sourceTree = "<group>"; };
		64707B5224459EEB0000CF5E /* AddressSideView.h */ = {isa = PBXFileReference; lastKnownFileType = sourcecode.c.h; path = AddressSideView.h; sourceTree = "<group>"; };
		64707B5324459EEB0000CF5E /* AddressSideView.m */ = {isa = PBXFileReference; lastKnownFileType = sourcecode.c.objc; path = AddressSideView.m; sourceTree = "<group>"; };
		64707B552445A4350000CF5E /* AddressTableViewCell.h */ = {isa = PBXFileReference; lastKnownFileType = sourcecode.c.h; path = AddressTableViewCell.h; sourceTree = "<group>"; };
		64707B562445A4350000CF5E /* AddressTableViewCell.m */ = {isa = PBXFileReference; lastKnownFileType = sourcecode.c.objc; path = AddressTableViewCell.m; sourceTree = "<group>"; };
		6471BB2524498B480068231A /* KeyboardView.h */ = {isa = PBXFileReference; lastKnownFileType = sourcecode.c.h; path = KeyboardView.h; sourceTree = "<group>"; };
		6471BB2624498B480068231A /* KeyboardView.m */ = {isa = PBXFileReference; lastKnownFileType = sourcecode.c.objc; path = KeyboardView.m; sourceTree = "<group>"; };
		6471BB29244996920068231A /* CustomTextView.h */ = {isa = PBXFileReference; lastKnownFileType = sourcecode.c.h; path = CustomTextView.h; sourceTree = "<group>"; };
		6471BB2A244996920068231A /* CustomTextView.m */ = {isa = PBXFileReference; lastKnownFileType = sourcecode.c.objc; path = CustomTextView.m; sourceTree = "<group>"; };
		6471BB2C2449A3DE0068231A /* CommonMethods.h */ = {isa = PBXFileReference; lastKnownFileType = sourcecode.c.h; path = CommonMethods.h; sourceTree = "<group>"; };
		6471BB2D2449A3DE0068231A /* CommonMethods.m */ = {isa = PBXFileReference; lastKnownFileType = sourcecode.c.objc; path = CommonMethods.m; sourceTree = "<group>"; };
		647287502456771A00BEB7BA /* DetailInformationViewController.h */ = {isa = PBXFileReference; lastKnownFileType = sourcecode.c.h; path = DetailInformationViewController.h; sourceTree = "<group>"; };
		647287512456771A00BEB7BA /* DetailInformationViewController.m */ = {isa = PBXFileReference; lastKnownFileType = sourcecode.c.objc; path = DetailInformationViewController.m; sourceTree = "<group>"; };
		64734072245122CE00540AD0 /* ChatRoomMenuView.h */ = {isa = PBXFileReference; lastKnownFileType = sourcecode.c.h; path = ChatRoomMenuView.h; sourceTree = "<group>"; };
		64734073245122CE00540AD0 /* ChatRoomMenuView.m */ = {isa = PBXFileReference; lastKnownFileType = sourcecode.c.objc; path = ChatRoomMenuView.m; sourceTree = "<group>"; };
		64734075245133B900540AD0 /* CollectionViewFlowLayout.h */ = {isa = PBXFileReference; lastKnownFileType = sourcecode.c.h; path = CollectionViewFlowLayout.h; sourceTree = "<group>"; };
		64734076245133B900540AD0 /* CollectionViewFlowLayout.m */ = {isa = PBXFileReference; lastKnownFileType = sourcecode.c.objc; path = CollectionViewFlowLayout.m; sourceTree = "<group>"; };
		647340782451409F00540AD0 /* CollectionViewCell.h */ = {isa = PBXFileReference; lastKnownFileType = sourcecode.c.h; path = CollectionViewCell.h; sourceTree = "<group>"; };
		647340792451409F00540AD0 /* CollectionViewCell.m */ = {isa = PBXFileReference; lastKnownFileType = sourcecode.c.objc; path = CollectionViewCell.m; sourceTree = "<group>"; };
		647583542452731E00C4A730 /* ChatRecordCell.h */ = {isa = PBXFileReference; lastKnownFileType = sourcecode.c.h; path = ChatRecordCell.h; sourceTree = "<group>"; };
		647583552452731E00C4A730 /* ChatRecordCell.m */ = {isa = PBXFileReference; lastKnownFileType = sourcecode.c.objc; path = ChatRecordCell.m; sourceTree = "<group>"; };
		647583582452760200C4A730 /* ChatRecordModel.h */ = {isa = PBXFileReference; lastKnownFileType = sourcecode.c.h; path = ChatRecordModel.h; sourceTree = "<group>"; };
		647583592452760200C4A730 /* ChatRecordModel.m */ = {isa = PBXFileReference; lastKnownFileType = sourcecode.c.objc; path = ChatRecordModel.m; sourceTree = "<group>"; };
		6476206324480EFD008AC38D /* SuperChatRoomCell.h */ = {isa = PBXFileReference; lastKnownFileType = sourcecode.c.h; path = SuperChatRoomCell.h; sourceTree = "<group>"; };
		6476206424480EFD008AC38D /* SuperChatRoomCell.m */ = {isa = PBXFileReference; lastKnownFileType = sourcecode.c.objc; path = SuperChatRoomCell.m; sourceTree = "<group>"; };
		6476206624480F35008AC38D /* ChatRoomTextCell.h */ = {isa = PBXFileReference; lastKnownFileType = sourcecode.c.h; path = ChatRoomTextCell.h; sourceTree = "<group>"; };
		6476206724480F35008AC38D /* ChatRoomTextCell.m */ = {isa = PBXFileReference; lastKnownFileType = sourcecode.c.objc; path = ChatRoomTextCell.m; sourceTree = "<group>"; };
		6476206924484824008AC38D /* CommonComponentMethods.h */ = {isa = PBXFileReference; lastKnownFileType = sourcecode.c.h; path = CommonComponentMethods.h; sourceTree = "<group>"; };
		6476206A24484824008AC38D /* CommonComponentMethods.m */ = {isa = PBXFileReference; lastKnownFileType = sourcecode.c.objc; path = CommonComponentMethods.m; sourceTree = "<group>"; };
		847563ECE830064246109974 /* Pods_IMDemo.framework */ = {isa = PBXFileReference; explicitFileType = wrapper.framework; includeInIndex = 0; path = Pods_IMDemo.framework; sourceTree = BUILT_PRODUCTS_DIR; };
		BADF00D5904A31C4A08C1CCE /* Pods-IMDemo.release.xcconfig */ = {isa = PBXFileReference; includeInIndex = 1; lastKnownFileType = text.xcconfig; name = "Pods-IMDemo.release.xcconfig"; path = "Target Support Files/Pods-IMDemo/Pods-IMDemo.release.xcconfig"; sourceTree = "<group>"; };
		F67D21571D348ADF2CB5FCAC /* Pods-IMDemo.debug.xcconfig */ = {isa = PBXFileReference; includeInIndex = 1; lastKnownFileType = text.xcconfig; name = "Pods-IMDemo.debug.xcconfig"; path = "Target Support Files/Pods-IMDemo/Pods-IMDemo.debug.xcconfig"; sourceTree = "<group>"; };
/* End PBXFileReference section */

/* Begin PBXFrameworksBuildPhase section */
		640AE8E52440164C00349FBC /* Frameworks */ = {
			isa = PBXFrameworksBuildPhase;
			buildActionMask = 2147483647;
			files = (
				FF9FB1605571FC0F447A9EA2 /* Pods_IMDemo.framework in Frameworks */,
			);
			runOnlyForDeploymentPostprocessing = 0;
		};
/* End PBXFrameworksBuildPhase section */

/* Begin PBXGroup section */
		56BC5C557D2C73414505C793 /* Frameworks */ = {
			isa = PBXGroup;
			children = (
				847563ECE830064246109974 /* Pods_IMDemo.framework */,
			);
			name = Frameworks;
			sourceTree = "<group>";
		};
		640ABDF224405A3C0048A44B /* AddressModel */ = {
			isa = PBXGroup;
			children = (
				640ABDF324405A710048A44B /* AddressDataModel.h */,
				640ABDF424405A710048A44B /* AddressDataModel.m */,
			);
			path = AddressModel;
			sourceTree = "<group>";
		};
		640AE8DF2440164C00349FBC = {
			isa = PBXGroup;
			children = (
				640AE8EA2440164C00349FBC /* IMDemo */,
				640AE8E92440164C00349FBC /* Products */,
				8395797894B764E19AC63C07 /* Pods */,
				56BC5C557D2C73414505C793 /* Frameworks */,
			);
			sourceTree = "<group>";
		};
		640AE8E92440164C00349FBC /* Products */ = {
			isa = PBXGroup;
			children = (
				640AE8E82440164C00349FBC /* IMDemo.app */,
			);
			name = Products;
			sourceTree = "<group>";
		};
		640AE8EA2440164C00349FBC /* IMDemo */ = {
			isa = PBXGroup;
			children = (
				646D2CB024470271001457C9 /* CommonFiles */,
				646D2CAE24470210001457C9 /* ConfigFiles */,
				640AE902244017CA00349FBC /* Chat */,
				640AE9012440179100349FBC /* Address */,
				640AE8EB2440164C00349FBC /* AppDelegate.h */,
				640AE8EC2440164C00349FBC /* AppDelegate.m */,
				640AE8F12440164C00349FBC /* Main.storyboard */,
				640AE8F42440164D00349FBC /* Assets.xcassets */,
				640AE8F62440164D00349FBC /* LaunchScreen.storyboard */,
				640AE8F92440164D00349FBC /* Info.plist */,
				640AE8FA2440164D00349FBC /* main.m */,
				640AE90C24401FCC00349FBC /* MainTabBarViewController.h */,
				640AE90D24401FCC00349FBC /* MainTabBarViewController.m */,
			);
			path = IMDemo;
			sourceTree = "<group>";
		};
		640AE9012440179100349FBC /* Address */ = {
			isa = PBXGroup;
			children = (
				6472874F245676BA00BEB7BA /* AddressOtherViews */,
				64321A59244589F400AAED56 /* AddressCustomView */,
				640ABDF224405A3C0048A44B /* AddressModel */,
				640AE90F244025BB00349FBC /* AddressCell */,
				640AE9062440187200349FBC /* AddressViewController.h */,
				640AE9072440187200349FBC /* AddressViewController.m */,
			);
			path = Address;
			sourceTree = "<group>";
		};
		640AE902244017CA00349FBC /* Chat */ = {
			isa = PBXGroup;
			children = (
				646D2C7F2446ECF8001457C9 /* ChatRoom */,
				646D2C7E2446ECD0001457C9 /* ChatRecord */,
			);
			path = Chat;
			sourceTree = "<group>";
		};
		640AE90F244025BB00349FBC /* AddressCell */ = {
			isa = PBXGroup;
			children = (
				640AE9132440265E00349FBC /* SuperAddressCell.h */,
				640AE9142440265E00349FBC /* SuperAddressCell.m */,
				64707B5224459EEB0000CF5E /* AddressSideView.h */,
				64707B5324459EEB0000CF5E /* AddressSideView.m */,
				64707B552445A4350000CF5E /* AddressTableViewCell.h */,
				64707B562445A4350000CF5E /* AddressTableViewCell.m */,
			);
			path = AddressCell;
			sourceTree = "<group>";
		};
		64321A59244589F400AAED56 /* AddressCustomView */ = {
			isa = PBXGroup;
			children = (
				64321A5A24458A6D00AAED56 /* AddressSegmentView.h */,
				64321A5B24458A6D00AAED56 /* AddressSegmentView.m */,
			);
			path = AddressCustomView;
			sourceTree = "<group>";
		};
		646D2C7E2446ECD0001457C9 /* ChatRecord */ = {
			isa = PBXGroup;
			children = (
				64758357245275C200C4A730 /* ChatRecordModel */,
				64758353245272C400C4A730 /* ChatRecordCell */,
				640AE9032440184D00349FBC /* ChatRecordViewController.h */,
				640AE9042440184D00349FBC /* ChatRecordViewController.m */,
			);
			path = ChatRecord;
			sourceTree = "<group>";
		};
		646D2C7F2446ECF8001457C9 /* ChatRoom */ = {
			isa = PBXGroup;
			children = (
				647340712451226C00540AD0 /* ChatRoomMenuView */,
				6476206224480EB3008AC38D /* ChatRoomCell */,
				646D2C832446F59D001457C9 /* ChatRoomModel */,
				646D2C802446ED49001457C9 /* ChatRoomViewController.h */,
				646D2C812446ED49001457C9 /* ChatRoomViewController.m */,
			);
			path = ChatRoom;
			sourceTree = "<group>";
		};
		646D2C832446F59D001457C9 /* ChatRoomModel */ = {
			isa = PBXGroup;
			children = (
				646D2C842446F608001457C9 /* ChatRoomModel.h */,
				646D2C852446F608001457C9 /* ChatRoomModel.m */,
			);
			path = ChatRoomModel;
			sourceTree = "<group>";
		};
		646D2CAE24470210001457C9 /* ConfigFiles */ = {
			isa = PBXGroup;
			children = (
				646D2CAF24470248001457C9 /* IMDemoPrefix.pch */,
			);
			path = ConfigFiles;
			sourceTree = "<group>";
		};
		646D2CB024470271001457C9 /* CommonFiles */ = {
			isa = PBXGroup;
			children = (
				6471BB2424498B1C0068231A /* Keyboard */,
				646D2CB1244702A6001457C9 /* constant.h */,
				6476206924484824008AC38D /* CommonComponentMethods.h */,
				6476206A24484824008AC38D /* CommonComponentMethods.m */,
				6471BB2C2449A3DE0068231A /* CommonMethods.h */,
				6471BB2D2449A3DE0068231A /* CommonMethods.m */,
				64704653244E8F930053DB76 /* FMDBOperation.h */,
				64704654244E8F930053DB76 /* FMDBOperation.m */,
			);
			path = CommonFiles;
			sourceTree = "<group>";
		};
		6471BB2424498B1C0068231A /* Keyboard */ = {
			isa = PBXGroup;
			children = (
				6471BB282449961A0068231A /* CustomView */,
				6471BB2524498B480068231A /* KeyboardView.h */,
				6471BB2624498B480068231A /* KeyboardView.m */,
			);
			path = Keyboard;
			sourceTree = "<group>";
		};
		6471BB282449961A0068231A /* CustomView */ = {
			isa = PBXGroup;
			children = (
				6471BB29244996920068231A /* CustomTextView.h */,
				6471BB2A244996920068231A /* CustomTextView.m */,
			);
			path = CustomView;
			sourceTree = "<group>";
		};
		6472874F245676BA00BEB7BA /* AddressOtherViews */ = {
			isa = PBXGroup;
			children = (
				647287502456771A00BEB7BA /* DetailInformationViewController.h */,
				647287512456771A00BEB7BA /* DetailInformationViewController.m */,
			);
			path = AddressOtherViews;
			sourceTree = "<group>";
		};
		647340712451226C00540AD0 /* ChatRoomMenuView */ = {
			isa = PBXGroup;
			children = (
				64734072245122CE00540AD0 /* ChatRoomMenuView.h */,
				64734073245122CE00540AD0 /* ChatRoomMenuView.m */,
				64734075245133B900540AD0 /* CollectionViewFlowLayout.h */,
				64734076245133B900540AD0 /* CollectionViewFlowLayout.m */,
				647340782451409F00540AD0 /* CollectionViewCell.h */,
				647340792451409F00540AD0 /* CollectionViewCell.m */,
			);
			path = ChatRoomMenuView;
			sourceTree = "<group>";
		};
		64758353245272C400C4A730 /* ChatRecordCell */ = {
			isa = PBXGroup;
			children = (
				647583542452731E00C4A730 /* ChatRecordCell.h */,
				647583552452731E00C4A730 /* ChatRecordCell.m */,
			);
			path = ChatRecordCell;
			sourceTree = "<group>";
		};
		64758357245275C200C4A730 /* ChatRecordModel */ = {
			isa = PBXGroup;
			children = (
				647583582452760200C4A730 /* ChatRecordModel.h */,
				647583592452760200C4A730 /* ChatRecordModel.m */,
			);
			path = ChatRecordModel;
			sourceTree = "<group>";
		};
		6476206224480EB3008AC38D /* ChatRoomCell */ = {
			isa = PBXGroup;
			children = (
				6476206324480EFD008AC38D /* SuperChatRoomCell.h */,
				6476206424480EFD008AC38D /* SuperChatRoomCell.m */,
				6476206624480F35008AC38D /* ChatRoomTextCell.h */,
				6476206724480F35008AC38D /* ChatRoomTextCell.m */,
				64379C2B24503E19004ACF9C /* ChatRoomDelegate.h */,
			);
			path = ChatRoomCell;
			sourceTree = "<group>";
		};
		8395797894B764E19AC63C07 /* Pods */ = {
			isa = PBXGroup;
			children = (
				F67D21571D348ADF2CB5FCAC /* Pods-IMDemo.debug.xcconfig */,
				BADF00D5904A31C4A08C1CCE /* Pods-IMDemo.release.xcconfig */,
			);
			path = Pods;
			sourceTree = "<group>";
		};
/* End PBXGroup section */

/* Begin PBXNativeTarget section */
		640AE8E72440164C00349FBC /* IMDemo */ = {
			isa = PBXNativeTarget;
			buildConfigurationList = 640AE8FE2440164D00349FBC /* Build configuration list for PBXNativeTarget "IMDemo" */;
			buildPhases = (
				DC2CACBE23A8A507942772D9 /* [CP] Check Pods Manifest.lock */,
				640AE8E42440164C00349FBC /* Sources */,
				640AE8E52440164C00349FBC /* Frameworks */,
				640AE8E62440164C00349FBC /* Resources */,
				B08C099E5041C24F6919062E /* [CP] Embed Pods Frameworks */,
			);
			buildRules = (
			);
			dependencies = (
			);
			name = IMDemo;
			productName = IMDemo;
			productReference = 640AE8E82440164C00349FBC /* IMDemo.app */;
			productType = "com.apple.product-type.application";
		};
/* End PBXNativeTarget section */

/* Begin PBXProject section */
		640AE8E02440164C00349FBC /* Project object */ = {
			isa = PBXProject;
			attributes = {
				CLASSPREFIX = "";
				LastUpgradeCheck = 1030;
				ORGANIZATIONNAME = PersonalONBYL;
				TargetAttributes = {
					640AE8E72440164C00349FBC = {
						CreatedOnToolsVersion = 10.3;
					};
				};
			};
			buildConfigurationList = 640AE8E32440164C00349FBC /* Build configuration list for PBXProject "IMDemo" */;
			compatibilityVersion = "Xcode 9.3";
			developmentRegion = en;
			hasScannedForEncodings = 0;
			knownRegions = (
				en,
				Base,
			);
			mainGroup = 640AE8DF2440164C00349FBC;
			productRefGroup = 640AE8E92440164C00349FBC /* Products */;
			projectDirPath = "";
			projectRoot = "";
			targets = (
				640AE8E72440164C00349FBC /* IMDemo */,
			);
		};
/* End PBXProject section */

/* Begin PBXResourcesBuildPhase section */
		640AE8E62440164C00349FBC /* Resources */ = {
			isa = PBXResourcesBuildPhase;
			buildActionMask = 2147483647;
			files = (
				640AE8F82440164D00349FBC /* LaunchScreen.storyboard in Resources */,
				640AE8F52440164D00349FBC /* Assets.xcassets in Resources */,
				640AE8F32440164C00349FBC /* Main.storyboard in Resources */,
			);
			runOnlyForDeploymentPostprocessing = 0;
		};
/* End PBXResourcesBuildPhase section */

/* Begin PBXShellScriptBuildPhase section */
		B08C099E5041C24F6919062E /* [CP] Embed Pods Frameworks */ = {
			isa = PBXShellScriptBuildPhase;
			buildActionMask = 2147483647;
			files = (
			);
			inputFileListPaths = (
				"${PODS_ROOT}/Target Support Files/Pods-IMDemo/Pods-IMDemo-frameworks-${CONFIGURATION}-input-files.xcfilelist",
			);
			name = "[CP] Embed Pods Frameworks";
			outputFileListPaths = (
				"${PODS_ROOT}/Target Support Files/Pods-IMDemo/Pods-IMDemo-frameworks-${CONFIGURATION}-output-files.xcfilelist",
			);
			runOnlyForDeploymentPostprocessing = 0;
			shellPath = /bin/sh;
			shellScript = "\"${PODS_ROOT}/Target Support Files/Pods-IMDemo/Pods-IMDemo-frameworks.sh\"\n";
			showEnvVarsInLog = 0;
		};
		DC2CACBE23A8A507942772D9 /* [CP] Check Pods Manifest.lock */ = {
			isa = PBXShellScriptBuildPhase;
			buildActionMask = 2147483647;
			files = (
			);
			inputFileListPaths = (
			);
			inputPaths = (
				"${PODS_PODFILE_DIR_PATH}/Podfile.lock",
				"${PODS_ROOT}/Manifest.lock",
			);
			name = "[CP] Check Pods Manifest.lock";
			outputFileListPaths = (
			);
			outputPaths = (
				"$(DERIVED_FILE_DIR)/Pods-IMDemo-checkManifestLockResult.txt",
			);
			runOnlyForDeploymentPostprocessing = 0;
			shellPath = /bin/sh;
			shellScript = "diff \"${PODS_PODFILE_DIR_PATH}/Podfile.lock\" \"${PODS_ROOT}/Manifest.lock\" > /dev/null\nif [ $? != 0 ] ; then\n    # print error to STDERR\n    echo \"error: The sandbox is not in sync with the Podfile.lock. Run 'pod install' or update your CocoaPods installation.\" >&2\n    exit 1\nfi\n# This output is used by Xcode 'outputs' to avoid re-running this script phase.\necho \"SUCCESS\" > \"${SCRIPT_OUTPUT_FILE_0}\"\n";
			showEnvVarsInLog = 0;
		};
/* End PBXShellScriptBuildPhase section */

/* Begin PBXSourcesBuildPhase section */
		640AE8E42440164C00349FBC /* Sources */ = {
			isa = PBXSourcesBuildPhase;
			buildActionMask = 2147483647;
			files = (
				64707B5424459EEB0000CF5E /* AddressSideView.m in Sources */,
				6471BB2E2449A3DE0068231A /* CommonMethods.m in Sources */,
				64734074245122CE00540AD0 /* ChatRoomMenuView.m in Sources */,
				640AE90E24401FCC00349FBC /* MainTabBarViewController.m in Sources */,
				6475835A2452760200C4A730 /* ChatRecordModel.m in Sources */,
				647583562452731E00C4A730 /* ChatRecordCell.m in Sources */,
				646D2C822446ED49001457C9 /* ChatRoomViewController.m in Sources */,
				64321A5C24458A6D00AAED56 /* AddressSegmentView.m in Sources */,
				646D2C862446F608001457C9 /* ChatRoomModel.m in Sources */,
				647287522456771A00BEB7BA /* DetailInformationViewController.m in Sources */,
				6471BB2724498B480068231A /* KeyboardView.m in Sources */,
				6476206824480F35008AC38D /* ChatRoomTextCell.m in Sources */,
				64707B572445A4350000CF5E /* AddressTableViewCell.m in Sources */,
				6476206B24484824008AC38D /* CommonComponentMethods.m in Sources */,
				640AE8FB2440164D00349FBC /* main.m in Sources */,
				64704655244E8F930053DB76 /* FMDBOperation.m in Sources */,
				6476206524480EFD008AC38D /* SuperChatRoomCell.m in Sources */,
				640AE9152440265E00349FBC /* SuperAddressCell.m in Sources */,
				640AE9082440187200349FBC /* AddressViewController.m in Sources */,
				6471BB2B244996920068231A /* CustomTextView.m in Sources */,
				640AE8ED2440164C00349FBC /* AppDelegate.m in Sources */,
				640ABDF524405A710048A44B /* AddressDataModel.m in Sources */,
				64734077245133B900540AD0 /* CollectionViewFlowLayout.m in Sources */,
				6473407A2451409F00540AD0 /* CollectionViewCell.m in Sources */,
				640AE9052440184D00349FBC /* ChatRecordViewController.m in Sources */,
			);
			runOnlyForDeploymentPostprocessing = 0;
		};
/* End PBXSourcesBuildPhase section */

/* Begin PBXVariantGroup section */
		640AE8F12440164C00349FBC /* Main.storyboard */ = {
			isa = PBXVariantGroup;
			children = (
				640AE8F22440164C00349FBC /* Base */,
			);
			name = Main.storyboard;
			sourceTree = "<group>";
		};
		640AE8F62440164D00349FBC /* LaunchScreen.storyboard */ = {
			isa = PBXVariantGroup;
			children = (
				640AE8F72440164D00349FBC /* Base */,
			);
			name = LaunchScreen.storyboard;
			sourceTree = "<group>";
		};
/* End PBXVariantGroup section */

/* Begin XCBuildConfiguration section */
		640AE8FC2440164D00349FBC /* Debug */ = {
			isa = XCBuildConfiguration;
			buildSettings = {
				ALWAYS_SEARCH_USER_PATHS = NO;
				CLANG_ANALYZER_NONNULL = YES;
				CLANG_ANALYZER_NUMBER_OBJECT_CONVERSION = YES_AGGRESSIVE;
				CLANG_CXX_LANGUAGE_STANDARD = "gnu++14";
				CLANG_CXX_LIBRARY = "libc++";
				CLANG_ENABLE_MODULES = YES;
				CLANG_ENABLE_OBJC_ARC = YES;
				CLANG_ENABLE_OBJC_WEAK = YES;
				CLANG_WARN_BLOCK_CAPTURE_AUTORELEASING = YES;
				CLANG_WARN_BOOL_CONVERSION = YES;
				CLANG_WARN_COMMA = YES;
				CLANG_WARN_CONSTANT_CONVERSION = YES;
				CLANG_WARN_DEPRECATED_OBJC_IMPLEMENTATIONS = YES;
				CLANG_WARN_DIRECT_OBJC_ISA_USAGE = YES_ERROR;
				CLANG_WARN_DOCUMENTATION_COMMENTS = YES;
				CLANG_WARN_EMPTY_BODY = YES;
				CLANG_WARN_ENUM_CONVERSION = YES;
				CLANG_WARN_INFINITE_RECURSION = YES;
				CLANG_WARN_INT_CONVERSION = YES;
				CLANG_WARN_NON_LITERAL_NULL_CONVERSION = YES;
				CLANG_WARN_OBJC_IMPLICIT_RETAIN_SELF = YES;
				CLANG_WARN_OBJC_LITERAL_CONVERSION = YES;
				CLANG_WARN_OBJC_ROOT_CLASS = YES_ERROR;
				CLANG_WARN_RANGE_LOOP_ANALYSIS = YES;
				CLANG_WARN_STRICT_PROTOTYPES = YES;
				CLANG_WARN_SUSPICIOUS_MOVE = YES;
				CLANG_WARN_UNGUARDED_AVAILABILITY = YES_AGGRESSIVE;
				CLANG_WARN_UNREACHABLE_CODE = YES;
				CLANG_WARN__DUPLICATE_METHOD_MATCH = YES;
				CODE_SIGN_IDENTITY = "iPhone Developer";
				COPY_PHASE_STRIP = NO;
				DEBUG_INFORMATION_FORMAT = dwarf;
				ENABLE_STRICT_OBJC_MSGSEND = YES;
				ENABLE_TESTABILITY = YES;
				GCC_C_LANGUAGE_STANDARD = gnu11;
				GCC_DYNAMIC_NO_PIC = NO;
				GCC_NO_COMMON_BLOCKS = YES;
				GCC_OPTIMIZATION_LEVEL = 0;
				GCC_PRECOMPILE_PREFIX_HEADER = YES;
				GCC_PREFIX_HEADER = "$(SRCROOT)/IMDemo/ConfigFiles/IMDemoPrefix.pch";
				GCC_PREPROCESSOR_DEFINITIONS = (
					"DEBUG=1",
					"$(inherited)",
				);
				GCC_WARN_64_TO_32_BIT_CONVERSION = YES;
				GCC_WARN_ABOUT_RETURN_TYPE = YES_ERROR;
				GCC_WARN_UNDECLARED_SELECTOR = YES;
				GCC_WARN_UNINITIALIZED_AUTOS = YES_AGGRESSIVE;
				GCC_WARN_UNUSED_FUNCTION = YES;
				GCC_WARN_UNUSED_VARIABLE = YES;
				IPHONEOS_DEPLOYMENT_TARGET = 12.4;
				MTL_ENABLE_DEBUG_INFO = INCLUDE_SOURCE;
				MTL_FAST_MATH = YES;
				ONLY_ACTIVE_ARCH = YES;
				SDKROOT = iphoneos;
			};
			name = Debug;
		};
		640AE8FD2440164D00349FBC /* Release */ = {
			isa = XCBuildConfiguration;
			buildSettings = {
				ALWAYS_SEARCH_USER_PATHS = NO;
				CLANG_ANALYZER_NONNULL = YES;
				CLANG_ANALYZER_NUMBER_OBJECT_CONVERSION = YES_AGGRESSIVE;
				CLANG_CXX_LANGUAGE_STANDARD = "gnu++14";
				CLANG_CXX_LIBRARY = "libc++";
				CLANG_ENABLE_MODULES = YES;
				CLANG_ENABLE_OBJC_ARC = YES;
				CLANG_ENABLE_OBJC_WEAK = YES;
				CLANG_WARN_BLOCK_CAPTURE_AUTORELEASING = YES;
				CLANG_WARN_BOOL_CONVERSION = YES;
				CLANG_WARN_COMMA = YES;
				CLANG_WARN_CONSTANT_CONVERSION = YES;
				CLANG_WARN_DEPRECATED_OBJC_IMPLEMENTATIONS = YES;
				CLANG_WARN_DIRECT_OBJC_ISA_USAGE = YES_ERROR;
				CLANG_WARN_DOCUMENTATION_COMMENTS = YES;
				CLANG_WARN_EMPTY_BODY = YES;
				CLANG_WARN_ENUM_CONVERSION = YES;
				CLANG_WARN_INFINITE_RECURSION = YES;
				CLANG_WARN_INT_CONVERSION = YES;
				CLANG_WARN_NON_LITERAL_NULL_CONVERSION = YES;
				CLANG_WARN_OBJC_IMPLICIT_RETAIN_SELF = YES;
				CLANG_WARN_OBJC_LITERAL_CONVERSION = YES;
				CLANG_WARN_OBJC_ROOT_CLASS = YES_ERROR;
				CLANG_WARN_RANGE_LOOP_ANALYSIS = YES;
				CLANG_WARN_STRICT_PROTOTYPES = YES;
				CLANG_WARN_SUSPICIOUS_MOVE = YES;
				CLANG_WARN_UNGUARDED_AVAILABILITY = YES_AGGRESSIVE;
				CLANG_WARN_UNREACHABLE_CODE = YES;
				CLANG_WARN__DUPLICATE_METHOD_MATCH = YES;
				CODE_SIGN_IDENTITY = "iPhone Developer";
				COPY_PHASE_STRIP = NO;
				DEBUG_INFORMATION_FORMAT = "dwarf-with-dsym";
				ENABLE_NS_ASSERTIONS = NO;
				ENABLE_STRICT_OBJC_MSGSEND = YES;
				GCC_C_LANGUAGE_STANDARD = gnu11;
				GCC_NO_COMMON_BLOCKS = YES;
				GCC_PRECOMPILE_PREFIX_HEADER = YES;
				GCC_PREFIX_HEADER = "$(SRCROOT)/IMDemo/ConfigFiles/IMDemoPrefix.pch";
				GCC_WARN_64_TO_32_BIT_CONVERSION = YES;
				GCC_WARN_ABOUT_RETURN_TYPE = YES_ERROR;
				GCC_WARN_UNDECLARED_SELECTOR = YES;
				GCC_WARN_UNINITIALIZED_AUTOS = YES_AGGRESSIVE;
				GCC_WARN_UNUSED_FUNCTION = YES;
				GCC_WARN_UNUSED_VARIABLE = YES;
				IPHONEOS_DEPLOYMENT_TARGET = 12.4;
				MTL_ENABLE_DEBUG_INFO = NO;
				MTL_FAST_MATH = YES;
				SDKROOT = iphoneos;
				VALIDATE_PRODUCT = YES;
			};
			name = Release;
		};
		640AE8FF2440164D00349FBC /* Debug */ = {
			isa = XCBuildConfiguration;
			baseConfigurationReference = F67D21571D348ADF2CB5FCAC /* Pods-IMDemo.debug.xcconfig */;
			buildSettings = {
				ASSETCATALOG_COMPILER_APPICON_NAME = AppIcon;
				CODE_SIGN_STYLE = Automatic;
				DEVELOPMENT_TEAM = 7YYRDAUH4V;
				GCC_PRECOMPILE_PREFIX_HEADER = YES;
				INFOPLIST_FILE = IMDemo/Info.plist;
				IPHONEOS_DEPLOYMENT_TARGET = 9.0;
				LD_RUNPATH_SEARCH_PATHS = (
					"$(inherited)",
					"@executable_path/Frameworks",
				);
				PRODUCT_BUNDLE_IDENTIFIER = com.PersonalONBYL.IMDemo;
				PRODUCT_NAME = "$(TARGET_NAME)";
				TARGETED_DEVICE_FAMILY = "1,2";
			};
			name = Debug;
		};
		640AE9002440164D00349FBC /* Release */ = {
			isa = XCBuildConfiguration;
			baseConfigurationReference = BADF00D5904A31C4A08C1CCE /* Pods-IMDemo.release.xcconfig */;
			buildSettings = {
				ASSETCATALOG_COMPILER_APPICON_NAME = AppIcon;
				CODE_SIGN_STYLE = Automatic;
				DEVELOPMENT_TEAM = 7YYRDAUH4V;
				GCC_PRECOMPILE_PREFIX_HEADER = YES;
				INFOPLIST_FILE = IMDemo/Info.plist;
				IPHONEOS_DEPLOYMENT_TARGET = 9.0;
				LD_RUNPATH_SEARCH_PATHS = (
					"$(inherited)",
					"@executable_path/Frameworks",
				);
				PRODUCT_BUNDLE_IDENTIFIER = com.PersonalONBYL.IMDemo;
				PRODUCT_NAME = "$(TARGET_NAME)";
				TARGETED_DEVICE_FAMILY = "1,2";
			};
			name = Release;
		};
/* End XCBuildConfiguration section */

/* Begin XCConfigurationList section */
		640AE8E32440164C00349FBC /* Build configuration list for PBXProject "IMDemo" */ = {
			isa = XCConfigurationList;
			buildConfigurations = (
				640AE8FC2440164D00349FBC /* Debug */,
				640AE8FD2440164D00349FBC /* Release */,
			);
			defaultConfigurationIsVisible = 0;
			defaultConfigurationName = Release;
		};
		640AE8FE2440164D00349FBC /* Build configuration list for PBXNativeTarget "IMDemo" */ = {
			isa = XCConfigurationList;
			buildConfigurations = (
				640AE8FF2440164D00349FBC /* Debug */,
				640AE9002440164D00349FBC /* Release */,
			);
			defaultConfigurationIsVisible = 0;
			defaultConfigurationName = Release;
		};
/* End XCConfigurationList section */
	};
	rootObject = 640AE8E02440164C00349FBC /* Project object */;
}
